
Microsoft Visual Studio Solution File, Format Version 12.00
# Visual Studio Version 17
VisualStudioVersion = 17.3.32825.248
MinimumVisualStudioVersion = 10.0.40219.1
Project("{FAE04EC0-301F-11D3-BF4B-00C04F79EFBC}") = "AppShop", "AppShop\AppShop.csproj", "{98842C2C-8BCC-4367-846F-4C9335DD06D8}"
EndProject
Global
	GlobalSection(SolutionConfigurationPlatforms) = preSolution
		Debug|Any CPU = Debug|Any CPU
		Release|Any CPU = Release|Any CPU
	EndGlobalSection
	GlobalSection(ProjectConfigurationPlatforms) = postSolution
		{98842C2C-8BCC-4367-846F-4C9335DD06D8}.Debug|Any CPU.ActiveCfg = Debug|Any CPU
		{98842C2C-8BCC-4367-846F-4C9335DD06D8}.Debug|Any CPU.Build.0 = Debug|Any CPU
		{98842C2C-8BCC-4367-846F-4C9335DD06D8}.Release|Any CPU.ActiveCfg = Release|Any CPU
		{98842C2C-8BCC-4367-846F-4C9335DD06D8}.Release|Any CPU.Build.0 = Release|Any CPU
	EndGlobalSection
	GlobalSection(SolutionProperties) = preSolution
		HideSolutionNode = FALSE
	EndGlobalSection
	GlobalSection(ExtensibilityGlobals) = postSolution
		SolutionGuid = {32215F72-1429-44CF-8943-F1240B1D618B}
	EndGlobalSection
EndGlobal
